
Microsoft Visual Studio Solution File, Format Version 12.00
# Visual Studio Version 17
VisualStudioVersion = 17.7.34031.279
MinimumVisualStudioVersion = 10.0.40219.1
Project("{888888A0-9F3D-457C-B088-3A5042F75D52}") = "MatrixOps", "MatrixOps\MatrixOps.pyproj", "{6DE6CBF4-2207-4E5D-A855-EE135754DFDB}"
EndProject
Global
	GlobalSection(SolutionConfigurationPlatforms) = preSolution
		Debug|Any CPU = Debug|Any CPU
		Release|Any CPU = Release|Any CPU
	EndGlobalSection
	GlobalSection(ProjectConfigurationPlatforms) = postSolution
		{6DE6CBF4-2207-4E5D-A855-EE135754DFDB}.Debug|Any CPU.ActiveCfg = Debug|Any CPU
		{6DE6CBF4-2207-4E5D-A855-EE135754DFDB}.Release|Any CPU.ActiveCfg = Release|Any CPU
	EndGlobalSection
	GlobalSection(SolutionProperties) = preSolution
		HideSolutionNode = FALSE
	EndGlobalSection
	GlobalSection(ExtensibilityGlobals) = postSolution
		SolutionGuid = {687DB61F-6E5A-49A6-AC11-573162DBB9F8}
	EndGlobalSection
EndGlobal
